
Microsoft Visual Studio Solution File, Format Version 11.00
# Visual Studio 2010
Project("{FAE04EC0-301F-11D3-BF4B-00C04F79EFBC}") = "Carbon.Commerce", "Carbon.Commerce\Carbon.Commerce.csproj", "{1A610F79-8994-4CD3-849D-79416F636C2E}"
EndProject
Project("{FAE04EC0-301F-11D3-BF4B-00C04F79EFBC}") = "Carbon.Commerce.Tests", "Carbon.Commerce.Tests\Carbon.Commerce.Tests.csproj", "{D71E93ED-9028-496D-8715-FB2043CE6DE2}"
EndProject
Global
	GlobalSection(SolutionConfigurationPlatforms) = preSolution
		Debug|Any CPU = Debug|Any CPU
		Release|Any CPU = Release|Any CPU
	EndGlobalSection
	GlobalSection(ProjectConfigurationPlatforms) = postSolution
		{1A610F79-8994-4CD3-849D-79416F636C2E}.Debug|Any CPU.ActiveCfg = Debug|Any CPU
		{1A610F79-8994-4CD3-849D-79416F636C2E}.Debug|Any CPU.Build.0 = Debug|Any CPU
		{1A610F79-8994-4CD3-849D-79416F636C2E}.Release|Any CPU.ActiveCfg = Release|Any CPU
		{1A610F79-8994-4CD3-849D-79416F636C2E}.Release|Any CPU.Build.0 = Release|Any CPU
		{D71E93ED-9028-496D-8715-FB2043CE6DE2}.Debug|Any CPU.ActiveCfg = Debug|Any CPU
		{D71E93ED-9028-496D-8715-FB2043CE6DE2}.Debug|Any CPU.Build.0 = Debug|Any CPU
		{D71E93ED-9028-496D-8715-FB2043CE6DE2}.Release|Any CPU.ActiveCfg = Release|Any CPU
		{D71E93ED-9028-496D-8715-FB2043CE6DE2}.Release|Any CPU.Build.0 = Release|Any CPU
	EndGlobalSection
	GlobalSection(SolutionProperties) = preSolution
		HideSolutionNode = FALSE
	EndGlobalSection
EndGlobal
